// !$*UTF8*$!
{
	archiveVersion = 1;
	classes = {
	};
	objectVersion = 46;
	objects = {

/* Begin PBXBuildFile section */
		AD47BA8B1822038100D85860 /* SSBoss.m in Sources */ = {isa = PBXBuildFile; fileRef = AD47BA8A1822038100D85860 /* SSBoss.m */; };
		ADA21994181C46EF00B93EBE /* PirateWeapons.jpeg in Resources */ = {isa = PBXBuildFile; fileRef = ADA21988181C46EF00B93EBE /* PirateWeapons.jpeg */; };
		ADA21995181C46EF00B93EBE /* PirateTreasurer2.jpeg in Resources */ = {isa = PBXBuildFile; fileRef = ADA21989181C46EF00B93EBE /* PirateTreasurer2.jpeg */; };
		ADA21996181C46EF00B93EBE /* PirateTreasure.jpeg in Resources */ = {isa = PBXBuildFile; fileRef = ADA2198A181C46EF00B93EBE /* PirateTreasure.jpeg */; };
		ADA21997181C46EF00B93EBE /* PirateStart.jpg in Resources */ = {isa = PBXBuildFile; fileRef = ADA2198B181C46EF00B93EBE /* PirateStart.jpg */; };
		ADA21998181C46EF00B93EBE /* PirateShipBattle.jpeg in Resources */ = {isa = PBXBuildFile; fileRef = ADA2198C181C46EF00B93EBE /* PirateShipBattle.jpeg */; };
		ADA21999181C46EF00B93EBE /* PiratePlank.jpg in Resources */ = {isa = PBXBuildFile; fileRef = ADA2198D181C46EF00B93EBE /* PiratePlank.jpg */; };
		ADA2199A181C46EF00B93EBE /* PirateParrot.jpg in Resources */ = {isa = PBXBuildFile; fileRef = ADA2198E181C46EF00B93EBE /* PirateParrot.jpg */; };
		ADA2199B181C46EF00B93EBE /* PirateOctopusAttack.jpg in Resources */ = {isa = PBXBuildFile; fileRef = ADA2198F181C46EF00B93EBE /* PirateOctopusAttack.jpg */; };
		ADA2199C181C46EF00B93EBE /* PirateFriendlyDock.jpg in Resources */ = {isa = PBXBuildFile; fileRef = ADA21990181C46EF00B93EBE /* PirateFriendlyDock.jpg */; };
		ADA2199D181C46EF00B93EBE /* PirateBoss.jpeg in Resources */ = {isa = PBXBuildFile; fileRef = ADA21991181C46EF00B93EBE /* PirateBoss.jpeg */; };
		ADA2199E181C46EF00B93EBE /* PirateBlacksmith.jpeg in Resources */ = {isa = PBXBuildFile; fileRef = ADA21992181C46EF00B93EBE /* PirateBlacksmith.jpeg */; };
		ADA2199F181C46EF00B93EBE /* PirateAttack.jpg in Resources */ = {isa = PBXBuildFile; fileRef = ADA21993181C46EF00B93EBE /* PirateAttack.jpg */; };
		ADA219A3181C4FA600B93EBE /* TileProps.plist in Resources */ = {isa = PBXBuildFile; fileRef = ADA219A2181C4FA600B93EBE /* TileProps.plist */; };
		ADF5858918161B6B00470861 /* Foundation.framework in Frameworks */ = {isa = PBXBuildFile; fileRef = ADF5858818161B6B00470861 /* Foundation.framework */; };
		ADF5858B18161B6B00470861 /* CoreGraphics.framework in Frameworks */ = {isa = PBXBuildFile; fileRef = ADF5858A18161B6B00470861 /* CoreGraphics.framework */; };
		ADF5858D18161B6C00470861 /* UIKit.framework in Frameworks */ = {isa = PBXBuildFile; fileRef = ADF5858C18161B6C00470861 /* UIKit.framework */; };
		ADF5859318161B6C00470861 /* InfoPlist.strings in Resources */ = {isa = PBXBuildFile; fileRef = ADF5859118161B6C00470861 /* InfoPlist.strings */; };
		ADF5859518161B6C00470861 /* main.m in Sources */ = {isa = PBXBuildFile; fileRef = ADF5859418161B6C00470861 /* main.m */; };
		ADF5859918161B6C00470861 /* SSAppDelegate.m in Sources */ = {isa = PBXBuildFile; fileRef = ADF5859818161B6C00470861 /* SSAppDelegate.m */; };
		ADF5859C18161B6C00470861 /* Main.storyboard in Resources */ = {isa = PBXBuildFile; fileRef = ADF5859A18161B6C00470861 /* Main.storyboard */; };
		ADF5859F18161B6C00470861 /* SSViewController.m in Sources */ = {isa = PBXBuildFile; fileRef = ADF5859E18161B6C00470861 /* SSViewController.m */; };
		ADF585A118161B6C00470861 /* Images.xcassets in Resources */ = {isa = PBXBuildFile; fileRef = ADF585A018161B6C00470861 /* Images.xcassets */; };
		ADF585A818161B6C00470861 /* XCTest.framework in Frameworks */ = {isa = PBXBuildFile; fileRef = ADF585A718161B6C00470861 /* XCTest.framework */; };
		ADF585A918161B6C00470861 /* Foundation.framework in Frameworks */ = {isa = PBXBuildFile; fileRef = ADF5858818161B6B00470861 /* Foundation.framework */; };
		ADF585AA18161B6C00470861 /* UIKit.framework in Frameworks */ = {isa = PBXBuildFile; fileRef = ADF5858C18161B6C00470861 /* UIKit.framework */; };
		ADF585B218161B6C00470861 /* InfoPlist.strings in Resources */ = {isa = PBXBuildFile; fileRef = ADF585B018161B6C00470861 /* InfoPlist.strings */; };
		ADF585B418161B6C00470861 /* PiratesAdventureTests.m in Sources */ = {isa = PBXBuildFile; fileRef = ADF585B318161B6C00470861 /* PiratesAdventureTests.m */; };
		ADF585C018177D0700470861 /* SSTile.m in Sources */ = {isa = PBXBuildFile; fileRef = ADF585BF18177D0700470861 /* SSTile.m */; };
		ADF585C418177D3800470861 /* SSTileFactory.m in Sources */ = {isa = PBXBuildFile; fileRef = ADF585C318177D3800470861 /* SSTileFactory.m */; };
		ADF585C7181780A000470861 /* SSWeapon.m in Sources */ = {isa = PBXBuildFile; fileRef = ADF585C6181780A000470861 /* SSWeapon.m */; };
		ADF585CA181780B300470861 /* SSArmour.m in Sources */ = {isa = PBXBuildFile; fileRef = ADF585C9181780B300470861 /* SSArmour.m */; };
		ADF585D01818B3EC00470861 /* SSCharacter.m in Sources */ = {isa = PBXBuildFile; fileRef = ADF585CF1818B3EC00470861 /* SSCharacter.m */; };
		ADF585D61819FCEE00470861 /* person4.jpeg in Resources */ = {isa = PBXBuildFile; fileRef = ADF585D21819FCEE00470861 /* person4.jpeg */; };
		ADF585D71819FCEE00470861 /* person3.jpg in Resources */ = {isa = PBXBuildFile; fileRef = ADF585D31819FCEE00470861 /* person3.jpg */; };
		ADF585D81819FCEE00470861 /* person2.jpeg in Resources */ = {isa = PBXBuildFile; fileRef = ADF585D41819FCEE00470861 /* person2.jpeg */; };
		ADF585D91819FCEE00470861 /* person1.jpeg in Resources */ = {isa = PBXBuildFile; fileRef = ADF585D51819FCEE00470861 /* person1.jpeg */; };
/* End PBXBuildFile section */

/* Begin PBXContainerItemProxy section */
		ADF585AB18161B6C00470861 /* PBXContainerItemProxy */ = {
			isa = PBXContainerItemProxy;
			containerPortal = ADF5857D18161B6B00470861 /* Project object */;
			proxyType = 1;
			remoteGlobalIDString = ADF5858418161B6B00470861;
			remoteInfo = PiratesAdventure;
		};
/* End PBXContainerItemProxy section */

/* Begin PBXFileReference section */
		AD47BA891822038100D85860 /* SSBoss.h */ = {isa = PBXFileReference; fileEncoding = 4; lastKnownFileType = sourcecode.c.h; path = SSBoss.h; sourceTree = "<group>"; };
		AD47BA8A1822038100D85860 /* SSBoss.m */ = {isa = PBXFileReference; fileEncoding = 4; lastKnownFileType = sourcecode.c.objc; path = SSBoss.m; sourceTree = "<group>"; };
		ADA21988181C46EF00B93EBE /* PirateWeapons.jpeg */ = {isa = PBXFileReference; lastKnownFileType = image.jpeg; name = PirateWeapons.jpeg; path = ../../../PiratesAdventure/PirateWeapons.jpeg; sourceTree = "<group>"; };
		ADA21989181C46EF00B93EBE /* PirateTreasurer2.jpeg */ = {isa = PBXFileReference; lastKnownFileType = image.jpeg; name = PirateTreasurer2.jpeg; path = ../../../PiratesAdventure/PirateTreasurer2.jpeg; sourceTree = "<group>"; };
		ADA2198A181C46EF00B93EBE /* PirateTreasure.jpeg */ = {isa = PBXFileReference; lastKnownFileType = image.jpeg; name = PirateTreasure.jpeg; path = ../../../PiratesAdventure/PirateTreasure.jpeg; sourceTree = "<group>"; };
		ADA2198B181C46EF00B93EBE /* PirateStart.jpg */ = {isa = PBXFileReference; lastKnownFileType = image.jpeg; name = PirateStart.jpg; path = ../../../PiratesAdventure/PirateStart.jpg; sourceTree = "<group>"; };
		ADA2198C181C46EF00B93EBE /* PirateShipBattle.jpeg */ = {isa = PBXFileReference; lastKnownFileType = image.jpeg; name = PirateShipBattle.jpeg; path = ../../../PiratesAdventure/PirateShipBattle.jpeg; sourceTree = "<group>"; };
		ADA2198D181C46EF00B93EBE /* PiratePlank.jpg */ = {isa = PBXFileReference; lastKnownFileType = image.jpeg; name = PiratePlank.jpg; path = ../../../PiratesAdventure/PiratePlank.jpg; sourceTree = "<group>"; };
		ADA2198E181C46EF00B93EBE /* PirateParrot.jpg */ = {isa = PBXFileReference; lastKnownFileType = image.jpeg; name = PirateParrot.jpg; path = ../../../PiratesAdventure/PirateParrot.jpg; sourceTree = "<group>"; };
		ADA2198F181C46EF00B93EBE /* PirateOctopusAttack.jpg */ = {isa = PBXFileReference; lastKnownFileType = image.jpeg; name = PirateOctopusAttack.jpg; path = ../../../PiratesAdventure/PirateOctopusAttack.jpg; sourceTree = "<group>"; };
		ADA21990181C46EF00B93EBE /* PirateFriendlyDock.jpg */ = {isa = PBXFileReference; lastKnownFileType = image.jpeg; name = PirateFriendlyDock.jpg; path = ../../../PiratesAdventure/PirateFriendlyDock.jpg; sourceTree = "<group>"; };
		ADA21991181C46EF00B93EBE /* PirateBoss.jpeg */ = {isa = PBXFileReference; lastKnownFileType = image.jpeg; name = PirateBoss.jpeg; path = ../../../PiratesAdventure/PirateBoss.jpeg; sourceTree = "<group>"; };
		ADA21992181C46EF00B93EBE /* PirateBlacksmith.jpeg */ = {isa = PBXFileReference; lastKnownFileType = image.jpeg; name = PirateBlacksmith.jpeg; path = ../../../PiratesAdventure/PirateBlacksmith.jpeg; sourceTree = "<group>"; };
		ADA21993181C46EF00B93EBE /* PirateAttack.jpg */ = {isa = PBXFileReference; lastKnownFileType = image.jpeg; name = PirateAttack.jpg; path = ../../../PiratesAdventure/PirateAttack.jpg; sourceTree = "<group>"; };
		ADA219A2181C4FA600B93EBE /* TileProps.plist */ = {isa = PBXFileReference; fileEncoding = 4; lastKnownFileType = text.plist.xml; path = TileProps.plist; sourceTree = "<group>"; };
		ADF5858518161B6B00470861 /* PiratesAdventure.app */ = {isa = PBXFileReference; explicitFileType = wrapper.application; includeInIndex = 0; path = PiratesAdventure.app; sourceTree = BUILT_PRODUCTS_DIR; };
		ADF5858818161B6B00470861 /* Foundation.framework */ = {isa = PBXFileReference; lastKnownFileType = wrapper.framework; name = Foundation.framework; path = System/Library/Frameworks/Foundation.framework; sourceTree = SDKROOT; };
		ADF5858A18161B6B00470861 /* CoreGraphics.framework */ = {isa = PBXFileReference; lastKnownFileType = wrapper.framework; name = CoreGraphics.framework; path = System/Library/Frameworks/CoreGraphics.framework; sourceTree = SDKROOT; };
		ADF5858C18161B6C00470861 /* UIKit.framework */ = {isa = PBXFileReference; lastKnownFileType = wrapper.framework; name = UIKit.framework; path = System/Library/Frameworks/UIKit.framework; sourceTree = SDKROOT; };
		ADF5859018161B6C00470861 /* PiratesAdventure-Info.plist */ = {isa = PBXFileReference; lastKnownFileType = text.plist.xml; path = "PiratesAdventure-Info.plist"; sourceTree = "<group>"; };
		ADF5859218161B6C00470861 /* en */ = {isa = PBXFileReference; lastKnownFileType = text.plist.strings; name = en; path = en.lproj/InfoPlist.strings; sourceTree = "<group>"; };
		ADF5859418161B6C00470861 /* main.m */ = {isa = PBXFileReference; lastKnownFileType = sourcecode.c.objc; path = main.m; sourceTree = "<group>"; };
		ADF5859618161B6C00470861 /* PiratesAdventure-Prefix.pch */ = {isa = PBXFileReference; lastKnownFileType = sourcecode.c.h; path = "PiratesAdventure-Prefix.pch"; sourceTree = "<group>"; };
		ADF5859718161B6C00470861 /* SSAppDelegate.h */ = {isa = PBXFileReference; lastKnownFileType = sourcecode.c.h; path = SSAppDelegate.h; sourceTree = "<group>"; };
		ADF5859818161B6C00470861 /* SSAppDelegate.m */ = {isa = PBXFileReference; lastKnownFileType = sourcecode.c.objc; path = SSAppDelegate.m; sourceTree = "<group>"; };
		ADF5859B18161B6C00470861 /* Base */ = {isa = PBXFileReference; lastKnownFileType = file.storyboard; name = Base; path = Base.lproj/Main.storyboard; sourceTree = "<group>"; };
		ADF5859D18161B6C00470861 /* SSViewController.h */ = {isa = PBXFileReference; lastKnownFileType = sourcecode.c.h; path = SSViewController.h; sourceTree = "<group>"; };
		ADF5859E18161B6C00470861 /* SSViewController.m */ = {isa = PBXFileReference; lastKnownFileType = sourcecode.c.objc; path = SSViewController.m; sourceTree = "<group>"; };
		ADF585A018161B6C00470861 /* Images.xcassets */ = {isa = PBXFileReference; lastKnownFileType = folder.assetcatalog; path = Images.xcassets; sourceTree = "<group>"; };
		ADF585A618161B6C00470861 /* PiratesAdventureTests.xctest */ = {isa = PBXFileReference; explicitFileType = wrapper.cfbundle; includeInIndex = 0; path = PiratesAdventureTests.xctest; sourceTree = BUILT_PRODUCTS_DIR; };
		ADF585A718161B6C00470861 /* XCTest.framework */ = {isa = PBXFileReference; lastKnownFileType = wrapper.framework; name = XCTest.framework; path = Library/Frameworks/XCTest.framework; sourceTree = DEVELOPER_DIR; };
		ADF585AF18161B6C00470861 /* PiratesAdventureTests-Info.plist */ = {isa = PBXFileReference; lastKnownFileType = text.plist.xml; path = "PiratesAdventureTests-Info.plist"; sourceTree = "<group>"; };
		ADF585B118161B6C00470861 /* en */ = {isa = PBXFileReference; lastKnownFileType = text.plist.strings; name = en; path = en.lproj/InfoPlist.strings; sourceTree = "<group>"; };
		ADF585B318161B6C00470861 /* PiratesAdventureTests.m */ = {isa = PBXFileReference; lastKnownFileType = sourcecode.c.objc; path = PiratesAdventureTests.m; sourceTree = "<group>"; };
		ADF585BE18177D0700470861 /* SSTile.h */ = {isa = PBXFileReference; fileEncoding = 4; lastKnownFileType = sourcecode.c.h; path = SSTile.h; sourceTree = "<group>"; };
		ADF585BF18177D0700470861 /* SSTile.m */ = {isa = PBXFileReference; fileEncoding = 4; lastKnownFileType = sourcecode.c.objc; path = SSTile.m; sourceTree = "<group>"; };
		ADF585C218177D3800470861 /* SSTileFactory.h */ = {isa = PBXFileReference; fileEncoding = 4; lastKnownFileType = sourcecode.c.h; path = SSTileFactory.h; sourceTree = "<group>"; };
		ADF585C318177D3800470861 /* SSTileFactory.m */ = {isa = PBXFileReference; fileEncoding = 4; lastKnownFileType = sourcecode.c.objc; path = SSTileFactory.m; sourceTree = "<group>"; };
		ADF585C5181780A000470861 /* SSWeapon.h */ = {isa = PBXFileReference; fileEncoding = 4; lastKnownFileType = sourcecode.c.h; path = SSWeapon.h; sourceTree = "<group>"; };
		ADF585C6181780A000470861 /* SSWeapon.m */ = {isa = PBXFileReference; fileEncoding = 4; lastKnownFileType = sourcecode.c.objc; path = SSWeapon.m; sourceTree = "<group>"; };
		ADF585C8181780B300470861 /* SSArmour.h */ = {isa = PBXFileReference; fileEncoding = 4; lastKnownFileType = sourcecode.c.h; path = SSArmour.h; sourceTree = "<group>"; };
		ADF585C9181780B300470861 /* SSArmour.m */ = {isa = PBXFileReference; fileEncoding = 4; lastKnownFileType = sourcecode.c.objc; path = SSArmour.m; sourceTree = "<group>"; };
		ADF585CE1818B3EC00470861 /* SSCharacter.h */ = {isa = PBXFileReference; fileEncoding = 4; lastKnownFileType = sourcecode.c.h; path = SSCharacter.h; sourceTree = "<group>"; };
		ADF585CF1818B3EC00470861 /* SSCharacter.m */ = {isa = PBXFileReference; fileEncoding = 4; lastKnownFileType = sourcecode.c.objc; path = SSCharacter.m; sourceTree = "<group>"; };
		ADF585D21819FCEE00470861 /* person4.jpeg */ = {isa = PBXFileReference; lastKnownFileType = image.jpeg; name = person4.jpeg; path = ../../../PiratesAdventure/person4.jpeg; sourceTree = "<group>"; };
		ADF585D31819FCEE00470861 /* person3.jpg */ = {isa = PBXFileReference; lastKnownFileType = image.jpeg; name = person3.jpg; path = ../../../PiratesAdventure/person3.jpg; sourceTree = "<group>"; };
		ADF585D41819FCEE00470861 /* person2.jpeg */ = {isa = PBXFileReference; lastKnownFileType = image.jpeg; name = person2.jpeg; path = ../../../PiratesAdventure/person2.jpeg; sourceTree = "<group>"; };
		ADF585D51819FCEE00470861 /* person1.jpeg */ = {isa = PBXFileReference; lastKnownFileType = image.jpeg; name = person1.jpeg; path = ../../../PiratesAdventure/person1.jpeg; sourceTree = "<group>"; };
/* End PBXFileReference section */

/* Begin PBXFrameworksBuildPhase section */
		ADF5858218161B6B00470861 /* Frameworks */ = {
			isa = PBXFrameworksBuildPhase;
			buildActionMask = 2147483647;
			files = (
				ADF5858B18161B6B00470861 /* CoreGraphics.framework in Frameworks */,
				ADF5858D18161B6C00470861 /* UIKit.framework in Frameworks */,
				ADF5858918161B6B00470861 /* Foundation.framework in Frameworks */,
			);
			runOnlyForDeploymentPostprocessing = 0;
		};
		ADF585A318161B6C00470861 /* Frameworks */ = {
			isa = PBXFrameworksBuildPhase;
			buildActionMask = 2147483647;
			files = (
				ADF585A818161B6C00470861 /* XCTest.framework in Frameworks */,
				ADF585AA18161B6C00470861 /* UIKit.framework in Frameworks */,
				ADF585A918161B6C00470861 /* Foundation.framework in Frameworks */,
			);
			runOnlyForDeploymentPostprocessing = 0;
		};
/* End PBXFrameworksBuildPhase section */

/* Begin PBXGroup section */
		ADF5857C18161B6B00470861 = {
			isa = PBXGroup;
			children = (
				ADF5858E18161B6C00470861 /* PiratesAdventure */,
				ADF585AD18161B6C00470861 /* PiratesAdventureTests */,
				ADF5858718161B6B00470861 /* Frameworks */,
				ADF5858618161B6B00470861 /* Products */,
			);
			sourceTree = "<group>";
		};
		ADF5858618161B6B00470861 /* Products */ = {
			isa = PBXGroup;
			children = (
				ADF5858518161B6B00470861 /* PiratesAdventure.app */,
				ADF585A618161B6C00470861 /* PiratesAdventureTests.xctest */,
			);
			name = Products;
			sourceTree = "<group>";
		};
		ADF5858718161B6B00470861 /* Frameworks */ = {
			isa = PBXGroup;
			children = (
				ADF5858818161B6B00470861 /* Foundation.framework */,
				ADF5858A18161B6B00470861 /* CoreGraphics.framework */,
				ADF5858C18161B6C00470861 /* UIKit.framework */,
				ADF585A718161B6C00470861 /* XCTest.framework */,
			);
			name = Frameworks;
			sourceTree = "<group>";
		};
		ADF5858E18161B6C00470861 /* PiratesAdventure */ = {
			isa = PBXGroup;
			children = (
				ADF5859718161B6C00470861 /* SSAppDelegate.h */,
				ADF5859818161B6C00470861 /* SSAppDelegate.m */,
				ADF5859A18161B6C00470861 /* Main.storyboard */,
				ADF5859D18161B6C00470861 /* SSViewController.h */,
				ADF5859E18161B6C00470861 /* SSViewController.m */,
				ADF585A018161B6C00470861 /* Images.xcassets */,
				ADF585BD18177CBE00470861 /* Model */,
				ADF5858F18161B6C00470861 /* Supporting Files */,
			);
			path = PiratesAdventure;
			sourceTree = "<group>";
		};
		ADF5858F18161B6C00470861 /* Supporting Files */ = {
			isa = PBXGroup;
			children = (
				ADF585D11819FBF100470861 /* BGImages */,
				ADF5859018161B6C00470861 /* PiratesAdventure-Info.plist */,
				ADF5859118161B6C00470861 /* InfoPlist.strings */,
				ADF5859418161B6C00470861 /* main.m */,
				ADF5859618161B6C00470861 /* PiratesAdventure-Prefix.pch */,
				ADA219A2181C4FA600B93EBE /* TileProps.plist */,
			);
			name = "Supporting Files";
			sourceTree = "<group>";
		};
		ADF585AD18161B6C00470861 /* PiratesAdventureTests */ = {
			isa = PBXGroup;
			children = (
				ADF585B318161B6C00470861 /* PiratesAdventureTests.m */,
				ADF585AE18161B6C00470861 /* Supporting Files */,
			);
			path = PiratesAdventureTests;
			sourceTree = "<group>";
		};
		ADF585AE18161B6C00470861 /* Supporting Files */ = {
			isa = PBXGroup;
			children = (
				ADF585AF18161B6C00470861 /* PiratesAdventureTests-Info.plist */,
				ADF585B018161B6C00470861 /* InfoPlist.strings */,
			);
			name = "Supporting Files";
			sourceTree = "<group>";
		};
		ADF585BD18177CBE00470861 /* Model */ = {
			isa = PBXGroup;
			children = (
				ADF585C118177D0E00470861 /* Factory */,
				ADF585BE18177D0700470861 /* SSTile.h */,
				ADF585BF18177D0700470861 /* SSTile.m */,
				ADF585C5181780A000470861 /* SSWeapon.h */,
				ADF585C6181780A000470861 /* SSWeapon.m */,
				ADF585C8181780B300470861 /* SSArmour.h */,
				ADF585C9181780B300470861 /* SSArmour.m */,
				ADF585CE1818B3EC00470861 /* SSCharacter.h */,
				ADF585CF1818B3EC00470861 /* SSCharacter.m */,
				AD47BA891822038100D85860 /* SSBoss.h */,
				AD47BA8A1822038100D85860 /* SSBoss.m */,
			);
			name = Model;
			sourceTree = "<group>";
		};
		ADF585C118177D0E00470861 /* Factory */ = {
			isa = PBXGroup;
			children = (
				ADF585C218177D3800470861 /* SSTileFactory.h */,
				ADF585C318177D3800470861 /* SSTileFactory.m */,
			);
			name = Factory;
			sourceTree = "<group>";
		};
		ADF585D11819FBF100470861 /* BGImages */ = {
			isa = PBXGroup;
			children = (
				ADA21988181C46EF00B93EBE /* PirateWeapons.jpeg */,
				ADA21989181C46EF00B93EBE /* PirateTreasurer2.jpeg */,
				ADA2198A181C46EF00B93EBE /* PirateTreasure.jpeg */,
				ADA2198B181C46EF00B93EBE /* PirateStart.jpg */,
				ADA2198C181C46EF00B93EBE /* PirateShipBattle.jpeg */,
				ADA2198D181C46EF00B93EBE /* PiratePlank.jpg */,
				ADA2198E181C46EF00B93EBE /* PirateParrot.jpg */,
				ADA2198F181C46EF00B93EBE /* PirateOctopusAttack.jpg */,
				ADA21990181C46EF00B93EBE /* PirateFriendlyDock.jpg */,
				ADA21991181C46EF00B93EBE /* PirateBoss.jpeg */,
				ADA21992181C46EF00B93EBE /* PirateBlacksmith.jpeg */,
				ADA21993181C46EF00B93EBE /* PirateAttack.jpg */,
				ADF585D21819FCEE00470861 /* person4.jpeg */,
				ADF585D31819FCEE00470861 /* person3.jpg */,
				ADF585D41819FCEE00470861 /* person2.jpeg */,
				ADF585D51819FCEE00470861 /* person1.jpeg */,
			);
			name = BGImages;
			sourceTree = "<group>";
		};
/* End PBXGroup section */

/* Begin PBXNativeTarget section */
		ADF5858418161B6B00470861 /* PiratesAdventure */ = {
			isa = PBXNativeTarget;
			buildConfigurationList = ADF585B718161B6C00470861 /* Build configuration list for PBXNativeTarget "PiratesAdventure" */;
			buildPhases = (
				ADF5858118161B6B00470861 /* Sources */,
				ADF5858218161B6B00470861 /* Frameworks */,
				ADF5858318161B6B00470861 /* Resources */,
			);
			buildRules = (
			);
			dependencies = (
			);
			name = PiratesAdventure;
			productName = PiratesAdventure;
			productReference = ADF5858518161B6B00470861 /* PiratesAdventure.app */;
			productType = "com.apple.product-type.application";
		};
		ADF585A518161B6C00470861 /* PiratesAdventureTests */ = {
			isa = PBXNativeTarget;
			buildConfigurationList = ADF585BA18161B6C00470861 /* Build configuration list for PBXNativeTarget "PiratesAdventureTests" */;
			buildPhases = (
				ADF585A218161B6C00470861 /* Sources */,
				ADF585A318161B6C00470861 /* Frameworks */,
				ADF585A418161B6C00470861 /* Resources */,
			);
			buildRules = (
			);
			dependencies = (
				ADF585AC18161B6C00470861 /* PBXTargetDependency */,
			);
			name = PiratesAdventureTests;
			productName = PiratesAdventureTests;
			productReference = ADF585A618161B6C00470861 /* PiratesAdventureTests.xctest */;
			productType = "com.apple.product-type.bundle.unit-test";
		};
/* End PBXNativeTarget section */

/* Begin PBXProject section */
		ADF5857D18161B6B00470861 /* Project object */ = {
			isa = PBXProject;
			attributes = {
				CLASSPREFIX = SS;
				LastUpgradeCheck = 0500;
				ORGANIZATIONNAME = "Shodhan Shah";
				TargetAttributes = {
					ADF585A518161B6C00470861 = {
						TestTargetID = ADF5858418161B6B00470861;
					};
				};
			};
			buildConfigurationList = ADF5858018161B6B00470861 /* Build configuration list for PBXProject "PiratesAdventure" */;
			compatibilityVersion = "Xcode 3.2";
			developmentRegion = English;
			hasScannedForEncodings = 0;
			knownRegions = (
				en,
				Base,
			);
			mainGroup = ADF5857C18161B6B00470861;
			productRefGroup = ADF5858618161B6B00470861 /* Products */;
			projectDirPath = "";
			projectRoot = "";
			targets = (
				ADF5858418161B6B00470861 /* PiratesAdventure */,
				ADF585A518161B6C00470861 /* PiratesAdventureTests */,
			);
		};
/* End PBXProject section */

/* Begin PBXResourcesBuildPhase section */
		ADF5858318161B6B00470861 /* Resources */ = {
			isa = PBXResourcesBuildPhase;
			buildActionMask = 2147483647;
			files = (
				ADA2199B181C46EF00B93EBE /* PirateOctopusAttack.jpg in Resources */,
				ADF585A118161B6C00470861 /* Images.xcassets in Resources */,
				ADA21994181C46EF00B93EBE /* PirateWeapons.jpeg in Resources */,
				ADA219A3181C4FA600B93EBE /* TileProps.plist in Resources */,
				ADA2199A181C46EF00B93EBE /* PirateParrot.jpg in Resources */,
				ADA2199F181C46EF00B93EBE /* PirateAttack.jpg in Resources */,
				ADF585D91819FCEE00470861 /* person1.jpeg in Resources */,
				ADF5859318161B6C00470861 /* InfoPlist.strings in Resources */,
				ADA2199C181C46EF00B93EBE /* PirateFriendlyDock.jpg in Resources */,
				ADF5859C18161B6C00470861 /* Main.storyboard in Resources */,
				ADA21996181C46EF00B93EBE /* PirateTreasure.jpeg in Resources */,
				ADF585D61819FCEE00470861 /* person4.jpeg in Resources */,
				ADA2199E181C46EF00B93EBE /* PirateBlacksmith.jpeg in Resources */,
				ADA2199D181C46EF00B93EBE /* PirateBoss.jpeg in Resources */,
				ADA21998181C46EF00B93EBE /* PirateShipBattle.jpeg in Resources */,
				ADF585D71819FCEE00470861 /* person3.jpg in Resources */,
				ADA21997181C46EF00B93EBE /* PirateStart.jpg in Resources */,
				ADA21999181C46EF00B93EBE /* PiratePlank.jpg in Resources */,
				ADF585D81819FCEE00470861 /* person2.jpeg in Resources */,
				ADA21995181C46EF00B93EBE /* PirateTreasurer2.jpeg in Resources */,
			);
			runOnlyForDeploymentPostprocessing = 0;
		};
		ADF585A418161B6C00470861 /* Resources */ = {
			isa = PBXResourcesBuildPhase;
			buildActionMask = 2147483647;
			files = (
				ADF585B218161B6C00470861 /* InfoPlist.strings in Resources */,
			);
			runOnlyForDeploymentPostprocessing = 0;
		};
/* End PBXResourcesBuildPhase section */

/* Begin PBXSourcesBuildPhase section */
		ADF5858118161B6B00470861 /* Sources */ = {
			isa = PBXSourcesBuildPhase;
			buildActionMask = 2147483647;
			files = (
				ADF5859F18161B6C00470861 /* SSViewController.m in Sources */,
				ADF585C7181780A000470861 /* SSWeapon.m in Sources */,
				ADF585CA181780B300470861 /* SSArmour.m in Sources */,
				ADF585D01818B3EC00470861 /* SSCharacter.m in Sources */,
				ADF5859918161B6C00470861 /* SSAppDelegate.m in Sources */,
				ADF585C418177D3800470861 /* SSTileFactory.m in Sources */,
				ADF5859518161B6C00470861 /* main.m in Sources */,
				ADF585C018177D0700470861 /* SSTile.m in Sources */,
				AD47BA8B1822038100D85860 /* SSBoss.m in Sources */,
			);
			runOnlyForDeploymentPostprocessing = 0;
		};
		ADF585A218161B6C00470861 /* Sources */ = {
			isa = PBXSourcesBuildPhase;
			buildActionMask = 2147483647;
			files = (
				ADF585B418161B6C00470861 /* PiratesAdventureTests.m in Sources */,
			);
			runOnlyForDeploymentPostprocessing = 0;
		};
/* End PBXSourcesBuildPhase section */

/* Begin PBXTargetDependency section */
		ADF585AC18161B6C00470861 /* PBXTargetDependency */ = {
			isa = PBXTargetDependency;
			target = ADF5858418161B6B00470861 /* PiratesAdventure */;
			targetProxy = ADF585AB18161B6C00470861 /* PBXContainerItemProxy */;
		};
/* End PBXTargetDependency section */

/* Begin PBXVariantGroup section */
		ADF5859118161B6C00470861 /* InfoPlist.strings */ = {
			isa = PBXVariantGroup;
			children = (
				ADF5859218161B6C00470861 /* en */,
			);
			name = InfoPlist.strings;
			sourceTree = "<group>";
		};
		ADF5859A18161B6C00470861 /* Main.storyboard */ = {
			isa = PBXVariantGroup;
			children = (
				ADF5859B18161B6C00470861 /* Base */,
			);
			name = Main.storyboard;
			sourceTree = "<group>";
		};
		ADF585B018161B6C00470861 /* InfoPlist.strings */ = {
			isa = PBXVariantGroup;
			children = (
				ADF585B118161B6C00470861 /* en */,
			);
			name = InfoPlist.strings;
			sourceTree = "<group>";
		};
/* End PBXVariantGroup section */

/* Begin XCBuildConfiguration section */
		ADF585B518161B6C00470861 /* Debug */ = {
			isa = XCBuildConfiguration;
			buildSettings = {
				ALWAYS_SEARCH_USER_PATHS = NO;
				ARCHS = "$(ARCHS_STANDARD_INCLUDING_64_BIT)";
				CLANG_CXX_LANGUAGE_STANDARD = "gnu++0x";
				CLANG_CXX_LIBRARY = "libc++";
				CLANG_ENABLE_MODULES = YES;
				CLANG_ENABLE_OBJC_ARC = YES;
				CLANG_WARN_BOOL_CONVERSION = YES;
				CLANG_WARN_CONSTANT_CONVERSION = YES;
				CLANG_WARN_DIRECT_OBJC_ISA_USAGE = YES_ERROR;
				CLANG_WARN_EMPTY_BODY = YES;
				CLANG_WARN_ENUM_CONVERSION = YES;
				CLANG_WARN_INT_CONVERSION = YES;
				CLANG_WARN_OBJC_ROOT_CLASS = YES_ERROR;
				CLANG_WARN__DUPLICATE_METHOD_MATCH = YES;
				"CODE_SIGN_IDENTITY[sdk=iphoneos*]" = "iPhone Developer";
				COPY_PHASE_STRIP = NO;
				GCC_C_LANGUAGE_STANDARD = gnu99;
				GCC_DYNAMIC_NO_PIC = NO;
				GCC_OPTIMIZATION_LEVEL = 0;
				GCC_PREPROCESSOR_DEFINITIONS = (
					"DEBUG=1",
					"$(inherited)",
				);
				GCC_SYMBOLS_PRIVATE_EXTERN = NO;
				GCC_WARN_64_TO_32_BIT_CONVERSION = YES;
				GCC_WARN_ABOUT_RETURN_TYPE = YES_ERROR;
				GCC_WARN_UNDECLARED_SELECTOR = YES;
				GCC_WARN_UNINITIALIZED_AUTOS = YES;
				GCC_WARN_UNUSED_FUNCTION = YES;
				GCC_WARN_UNUSED_VARIABLE = YES;
				IPHONEOS_DEPLOYMENT_TARGET = 7.0;
				ONLY_ACTIVE_ARCH = YES;
				SDKROOT = iphoneos;
			};
			name = Debug;
		};
		ADF585B618161B6C00470861 /* Release */ = {
			isa = XCBuildConfiguration;
			buildSettings = {
				ALWAYS_SEARCH_USER_PATHS = NO;
				ARCHS = "$(ARCHS_STANDARD_INCLUDING_64_BIT)";
				CLANG_CXX_LANGUAGE_STANDARD = "gnu++0x";
				CLANG_CXX_LIBRARY = "libc++";
				CLANG_ENABLE_MODULES = YES;
				CLANG_ENABLE_OBJC_ARC = YES;
				CLANG_WARN_BOOL_CONVERSION = YES;
				CLANG_WARN_CONSTANT_CONVERSION = YES;
				CLANG_WARN_DIRECT_OBJC_ISA_USAGE = YES_ERROR;
				CLANG_WARN_EMPTY_BODY = YES;
				CLANG_WARN_ENUM_CONVERSION = YES;
				CLANG_WARN_INT_CONVERSION = YES;
				CLANG_WARN_OBJC_ROOT_CLASS = YES_ERROR;
				CLANG_WARN__DUPLICATE_METHOD_MATCH = YES;
				"CODE_SIGN_IDENTITY[sdk=iphoneos*]" = "iPhone Developer";
				COPY_PHASE_STRIP = YES;
				ENABLE_NS_ASSERTIONS = NO;
				GCC_C_LANGUAGE_STANDARD = gnu99;
				GCC_WARN_64_TO_32_BIT_CONVERSION = YES;
				GCC_WARN_ABOUT_RETURN_TYPE = YES_ERROR;
				GCC_WARN_UNDECLARED_SELECTOR = YES;
				GCC_WARN_UNINITIALIZED_AUTOS = YES;
				GCC_WARN_UNUSED_FUNCTION = YES;
				GCC_WARN_UNUSED_VARIABLE = YES;
				IPHONEOS_DEPLOYMENT_TARGET = 7.0;
				SDKROOT = iphoneos;
				VALIDATE_PRODUCT = YES;
			};
			name = Release;
		};
		ADF585B818161B6C00470861 /* Debug */ = {
			isa = XCBuildConfiguration;
			buildSettings = {
				ASSETCATALOG_COMPILER_APPICON_NAME = AppIcon;
				ASSETCATALOG_COMPILER_LAUNCHIMAGE_NAME = LaunchImage;
				GCC_PRECOMPILE_PREFIX_HEADER = YES;
				GCC_PREFIX_HEADER = "PiratesAdventure/PiratesAdventure-Prefix.pch";
				INFOPLIST_FILE = "PiratesAdventure/PiratesAdventure-Info.plist";
				PRODUCT_NAME = "$(TARGET_NAME)";
				WRAPPER_EXTENSION = app;
			};
			name = Debug;
		};
		ADF585B918161B6C00470861 /* Release */ = {
			isa = XCBuildConfiguration;
			buildSettings = {
				ASSETCATALOG_COMPILER_APPICON_NAME = AppIcon;
				ASSETCATALOG_COMPILER_LAUNCHIMAGE_NAME = LaunchImage;
				GCC_PRECOMPILE_PREFIX_HEADER = YES;
				GCC_PREFIX_HEADER = "PiratesAdventure/PiratesAdventure-Prefix.pch";
				INFOPLIST_FILE = "PiratesAdventure/PiratesAdventure-Info.plist";
				PRODUCT_NAME = "$(TARGET_NAME)";
				WRAPPER_EXTENSION = app;
			};
			name = Release;
		};
		ADF585BB18161B6C00470861 /* Debug */ = {
			isa = XCBuildConfiguration;
			buildSettings = {
				ARCHS = "$(ARCHS_STANDARD_INCLUDING_64_BIT)";
				BUNDLE_LOADER = "$(BUILT_PRODUCTS_DIR)/PiratesAdventure.app/PiratesAdventure";
				FRAMEWORK_SEARCH_PATHS = (
					"$(SDKROOT)/Developer/Library/Frameworks",
					"$(inherited)",
					"$(DEVELOPER_FRAMEWORKS_DIR)",
				);
				GCC_PRECOMPILE_PREFIX_HEADER = YES;
				GCC_PREFIX_HEADER = "PiratesAdventure/PiratesAdventure-Prefix.pch";
				GCC_PREPROCESSOR_DEFINITIONS = (
					"DEBUG=1",
					"$(inherited)",
				);
				INFOPLIST_FILE = "PiratesAdventureTests/PiratesAdventureTests-Info.plist";
				PRODUCT_NAME = "$(TARGET_NAME)";
				TEST_HOST = "$(BUNDLE_LOADER)";
				WRAPPER_EXTENSION = xctest;
			};
			name = Debug;
		};
		ADF585BC18161B6C00470861 /* Release */ = {
			isa = XCBuildConfiguration;
			buildSettings = {
				ARCHS = "$(ARCHS_STANDARD_INCLUDING_64_BIT)";
				BUNDLE_LOADER = "$(BUILT_PRODUCTS_DIR)/PiratesAdventure.app/PiratesAdventure";
				FRAMEWORK_SEARCH_PATHS = (
					"$(SDKROOT)/Developer/Library/Frameworks",
					"$(inherited)",
					"$(DEVELOPER_FRAMEWORKS_DIR)",
				);
				GCC_PRECOMPILE_PREFIX_HEADER = YES;
				GCC_PREFIX_HEADER = "PiratesAdventure/PiratesAdventure-Prefix.pch";
				INFOPLIST_FILE = "PiratesAdventureTests/PiratesAdventureTests-Info.plist";
				PRODUCT_NAME = "$(TARGET_NAME)";
				TEST_HOST = "$(BUNDLE_LOADER)";
				WRAPPER_EXTENSION = xctest;
			};
			name = Release;
		};
/* End XCBuildConfiguration section */

/* Begin XCConfigurationList section */
		ADF5858018161B6B00470861 /* Build configuration list for PBXProject "PiratesAdventure" */ = {
			isa = XCConfigurationList;
			buildConfigurations = (
				ADF585B518161B6C00470861 /* Debug */,
				ADF585B618161B6C00470861 /* Release */,
			);
			defaultConfigurationIsVisible = 0;
			defaultConfigurationName = Release;
		};
		ADF585B718161B6C00470861 /* Build configuration list for PBXNativeTarget "PiratesAdventure" */ = {
			isa = XCConfigurationList;
			buildConfigurations = (
				ADF585B818161B6C00470861 /* Debug */,
				ADF585B918161B6C00470861 /* Release */,
			);
			defaultConfigurationIsVisible = 0;
			defaultConfigurationName = Release;
		};
		ADF585BA18161B6C00470861 /* Build configuration list for PBXNativeTarget "PiratesAdventureTests" */ = {
			isa = XCConfigurationList;
			buildConfigurations = (
				ADF585BB18161B6C00470861 /* Debug */,
				ADF585BC18161B6C00470861 /* Release */,
			);
			defaultConfigurationIsVisible = 0;
			defaultConfigurationName = Release;
		};
/* End XCConfigurationList section */
	};
	rootObject = ADF5857D18161B6B00470861 /* Project object */;
}
